github.com/tamnd/gopapy v0.4.1 h1:EqOyVl9PWvXwahqYJAnandxQtZ+3AQprhFz68ajHtV4=
github.com/tamnd/gopapy v0.4.1/go.mod h1:Tjw102NxTx9Mbgyxij3pNAg0JM+g8yXUVcK0TUnHTvc=
github.com/tamnd/gopapy v0.6.0 h1:3stgpmS+snW1Opzq+Smj0XXWjwk5KwenF3K7NINl8as=
github.com/tamnd/gopapy v0.6.0/go.mod h1:gGeGkaI/uUwSPFXWbYyRtHGBMxDVeWGhqBXgQDLuxmo=
golang.org/x/text v0.36.0 h1:JfKh3XmcRPqZPKevfXVpI1wXPTqbkE5f7JA92a55Yxg=
golang.org/x/text v0.36.0/go.mod h1:NIdBknypM8iqVmPiuco0Dh6P5Jcdk8lJL0CUebqK164=
